
Microsoft Visual Studio Solution File, Format Version 12.00
# Visual Studio Version 16
VisualStudioVersion = 16.0.29613.14
MinimumVisualStudioVersion = 10.0.40219.1
Project("{9A19103F-16F7-4668-BE54-9A1E7A4F7556}") = "EventPlanning.Web", "EventPlanning.Web\EventPlanning.Web.csproj", "{EDDF8C8C-3AF3-49E5-AE62-5936E163A354}"
EndProject
Project("{FAE04EC0-301F-11D3-BF4B-00C04F79EFBC}") = "DB_Data", "DB_Data\DB_Data.csproj", "{B03EEC12-1528-4E17-B431-EDF21F18C0F6}"
EndProject
Project("{FAE04EC0-301F-11D3-BF4B-00C04F79EFBC}") = "Repo_Lib", "Repo_Lib\Repo_Lib.csproj", "{6413ABAF-AB0E-4266-9452-75AC0A028DB1}"
EndProject
Global
	GlobalSection(SolutionConfigurationPlatforms) = preSolution
		Debug|Any CPU = Debug|Any CPU
		Release|Any CPU = Release|Any CPU
	EndGlobalSection
	GlobalSection(ProjectConfigurationPlatforms) = postSolution
		{EDDF8C8C-3AF3-49E5-AE62-5936E163A354}.Debug|Any CPU.ActiveCfg = Debug|Any CPU
		{EDDF8C8C-3AF3-49E5-AE62-5936E163A354}.Debug|Any CPU.Build.0 = Debug|Any CPU
		{EDDF8C8C-3AF3-49E5-AE62-5936E163A354}.Release|Any CPU.ActiveCfg = Release|Any CPU
		{EDDF8C8C-3AF3-49E5-AE62-5936E163A354}.Release|Any CPU.Build.0 = Release|Any CPU
		{B03EEC12-1528-4E17-B431-EDF21F18C0F6}.Debug|Any CPU.ActiveCfg = Debug|Any CPU
		{B03EEC12-1528-4E17-B431-EDF21F18C0F6}.Debug|Any CPU.Build.0 = Debug|Any CPU
		{B03EEC12-1528-4E17-B431-EDF21F18C0F6}.Release|Any CPU.ActiveCfg = Release|Any CPU
		{B03EEC12-1528-4E17-B431-EDF21F18C0F6}.Release|Any CPU.Build.0 = Release|Any CPU
		{6413ABAF-AB0E-4266-9452-75AC0A028DB1}.Debug|Any CPU.ActiveCfg = Debug|Any CPU
		{6413ABAF-AB0E-4266-9452-75AC0A028DB1}.Debug|Any CPU.Build.0 = Debug|Any CPU
		{6413ABAF-AB0E-4266-9452-75AC0A028DB1}.Release|Any CPU.ActiveCfg = Release|Any CPU
		{6413ABAF-AB0E-4266-9452-75AC0A028DB1}.Release|Any CPU.Build.0 = Release|Any CPU
	EndGlobalSection
	GlobalSection(SolutionProperties) = preSolution
		HideSolutionNode = FALSE
	EndGlobalSection
	GlobalSection(ExtensibilityGlobals) = postSolution
		SolutionGuid = {274C90F2-BC74-4413-AAA7-F44FFD0FE0AC}
	EndGlobalSection
EndGlobal
